
Microsoft Visual Studio Solution File, Format Version 12.00
# Visual Studio 2013
VisualStudioVersion = 12.0.31101.0
MinimumVisualStudioVersion = 10.0.40219.1
Project("{8BC9CEB8-8B4A-11D0-8D11-00A0C91BC942}") = "MIDI", "MIDI.vcxproj", "{08599D71-CA66-4D48-A3E7-DB573DE85198}"
EndProject
Project("{8BC9CEB8-8B4A-11D0-8D11-00A0C91BC942}") = "Test", "Test\Test.vcxproj", "{006C2B71-9350-402B-A860-C9939B41CA50}"
EndProject
Global
	GlobalSection(SolutionConfigurationPlatforms) = preSolution
		Debug|Win32 = Debug|Win32
		Release|Win32 = Release|Win32
		Template|Win32 = Template|Win32
	EndGlobalSection
	GlobalSection(ProjectConfigurationPlatforms) = postSolution
		{08599D71-CA66-4D48-A3E7-DB573DE85198}.Debug|Win32.ActiveCfg = Debug|Win32
		{08599D71-CA66-4D48-A3E7-DB573DE85198}.Debug|Win32.Build.0 = Debug|Win32
		{08599D71-CA66-4D48-A3E7-DB573DE85198}.Release|Win32.ActiveCfg = Release|Win32
		{08599D71-CA66-4D48-A3E7-DB573DE85198}.Release|Win32.Build.0 = Release|Win32
		{08599D71-CA66-4D48-A3E7-DB573DE85198}.Template|Win32.ActiveCfg = Release|Win32
		{08599D71-CA66-4D48-A3E7-DB573DE85198}.Template|Win32.Build.0 = Release|Win32
		{006C2B71-9350-402B-A860-C9939B41CA50}.Debug|Win32.ActiveCfg = Debug|Win32
		{006C2B71-9350-402B-A860-C9939B41CA50}.Debug|Win32.Build.0 = Debug|Win32
		{006C2B71-9350-402B-A860-C9939B41CA50}.Release|Win32.ActiveCfg = Release|Win32
		{006C2B71-9350-402B-A860-C9939B41CA50}.Release|Win32.Build.0 = Release|Win32
		{006C2B71-9350-402B-A860-C9939B41CA50}.Template|Win32.ActiveCfg = Template|Win32
		{006C2B71-9350-402B-A860-C9939B41CA50}.Template|Win32.Build.0 = Template|Win32
	EndGlobalSection
	GlobalSection(SolutionProperties) = preSolution
		HideSolutionNode = FALSE
	EndGlobalSection
EndGlobal
